// !$*UTF8*$!
{
	archiveVersion = 1;
	classes = {
	};
	objectVersion = 77;
	objects = {

/* Begin PBXContainerItemProxy section */
		D6E2142C2E4D4D10004A49AC /* PBXContainerItemProxy */ = {
			isa = PBXContainerItemProxy;
			containerPortal = D6E2140A2E4D4D0D004A49AC /* Project object */;
			proxyType = 1;
			remoteGlobalIDString = D6E214112E4D4D0D004A49AC;
			remoteInfo = "TEA iOS Technical Task";
		};
		D6E214362E4D4D10004A49AC /* PBXContainerItemProxy */ = {
			isa = PBXContainerItemProxy;
			containerPortal = D6E2140A2E4D4D0D004A49AC /* Project object */;
			proxyType = 1;
			remoteGlobalIDString = D6E214112E4D4D0D004A49AC;
			remoteInfo = "TEA iOS Technical Task";
		};
/* End PBXContainerItemProxy section */

/* Begin PBXFileReference section */
		D6E214122E4D4D0D004A49AC /* TEA iOS Technical Task.app */ = {isa = PBXFileReference; explicitFileType = wrapper.application; includeInIndex = 0; path = "TEA iOS Technical Task.app"; sourceTree = BUILT_PRODUCTS_DIR; };
		D6E2142B2E4D4D10004A49AC /* TEA iOS Technical TaskTests.xctest */ = {isa = PBXFileReference; explicitFileType = wrapper.cfbundle; includeInIndex = 0; path = "TEA iOS Technical TaskTests.xctest"; sourceTree = BUILT_PRODUCTS_DIR; };
		D6E214352E4D4D10004A49AC /* TEA iOS Technical TaskUITests.xctest */ = {isa = PBXFileReference; explicitFileType = wrapper.cfbundle; includeInIndex = 0; path = "TEA iOS Technical TaskUITests.xctest"; sourceTree = BUILT_PRODUCTS_DIR; };
/* End PBXFileReference section */

/* Begin PBXFileSystemSynchronizedBuildFileExceptionSet section */
		D6E2143D2E4D4D10004A49AC /* Exceptions for "TEA iOS Technical Task" folder in "TEA iOS Technical Task" target */ = {
			isa = PBXFileSystemSynchronizedBuildFileExceptionSet;
			membershipExceptions = (
				Info.plist,
			);
			target = D6E214112E4D4D0D004A49AC /* TEA iOS Technical Task */;
		};
/* End PBXFileSystemSynchronizedBuildFileExceptionSet section */

/* Begin PBXFileSystemSynchronizedRootGroup section */
		D6E214142E4D4D0D004A49AC /* TEA iOS Technical Task */ = {
			isa = PBXFileSystemSynchronizedRootGroup;
			exceptions = (
				D6E2143D2E4D4D10004A49AC /* Exceptions for "TEA iOS Technical Task" folder in "TEA iOS Technical Task" target */,
			);
			path = "TEA iOS Technical Task";
			sourceTree = "<group>";
		};
		D6E2142E2E4D4D10004A49AC /* TEA iOS Technical TaskTests */ = {
			isa = PBXFileSystemSynchronizedRootGroup;
			path = "TEA iOS Technical TaskTests";
			sourceTree = "<group>";
		};
		D6E214382E4D4D10004A49AC /* TEA iOS Technical TaskUITests */ = {
			isa = PBXFileSystemSynchronizedRootGroup;
			path = "TEA iOS Technical TaskUITests";
			sourceTree = "<group>";
		};
/* End PBXFileSystemSynchronizedRootGroup section */

/* Begin PBXFrameworksBuildPhase section */
		D6E2140F2E4D4D0D004A49AC /* Frameworks */ = {
			isa = PBXFrameworksBuildPhase;
			buildActionMask = 2147483647;
			files = (
			);
			runOnlyForDeploymentPostprocessing = 0;
		};
		D6E214282E4D4D10004A49AC /* Frameworks */ = {
			isa = PBXFrameworksBuildPhase;
			buildActionMask = 2147483647;
			files = (
			);
			runOnlyForDeploymentPostprocessing = 0;
		};
		D6E214322E4D4D10004A49AC /* Frameworks */ = {
			isa = PBXFrameworksBuildPhase;
			buildActionMask = 2147483647;
			files = (
			);
			runOnlyForDeploymentPostprocessing = 0;
		};
/* End PBXFrameworksBuildPhase section */

/* Begin PBXGroup section */
		D6E214092E4D4D0D004A49AC = {
			isa = PBXGroup;
			children = (
				D6E214142E4D4D0D004A49AC /* TEA iOS Technical Task */,
				D6E2142E2E4D4D10004A49AC /* TEA iOS Technical TaskTests */,
				D6E214382E4D4D10004A49AC /* TEA iOS Technical TaskUITests */,
				D6E214132E4D4D0D004A49AC /* Products */,
			);
			sourceTree = "<group>";
		};
		D6E214132E4D4D0D004A49AC /* Products */ = {
			isa = PBXGroup;
			children = (
				D6E214122E4D4D0D004A49AC /* TEA iOS Technical Task.app */,
				D6E2142B2E4D4D10004A49AC /* TEA iOS Technical TaskTests.xctest */,
				D6E214352E4D4D10004A49AC /* TEA iOS Technical TaskUITests.xctest */,
			);
			name = Products;
			sourceTree = "<group>";
		};
/* End PBXGroup section */

/* Begin PBXNativeTarget section */
		D6E214112E4D4D0D004A49AC /* TEA iOS Technical Task */ = {
			isa = PBXNativeTarget;
			buildConfigurationList = D6E2143E2E4D4D10004A49AC /* Build configuration list for PBXNativeTarget "TEA iOS Technical Task" */;
			buildPhases = (
				D6E2140E2E4D4D0D004A49AC /* Sources */,
				D6E2140F2E4D4D0D004A49AC /* Frameworks */,
				D6E214102E4D4D0D004A49AC /* Resources */,
			);
			buildRules = (
			);
			dependencies = (
			);
			fileSystemSynchronizedGroups = (
				D6E214142E4D4D0D004A49AC /* TEA iOS Technical Task */,
			);
			name = "TEA iOS Technical Task";
			packageProductDependencies = (
			);
			productName = "TEA iOS Technical Task";
			productReference = D6E214122E4D4D0D004A49AC /* TEA iOS Technical Task.app */;
			productType = "com.apple.product-type.application";
		};
		D6E2142A2E4D4D10004A49AC /* TEA iOS Technical TaskTests */ = {
			isa = PBXNativeTarget;
			buildConfigurationList = D6E214432E4D4D10004A49AC /* Build configuration list for PBXNativeTarget "TEA iOS Technical TaskTests" */;
			buildPhases = (
				D6E214272E4D4D10004A49AC /* Sources */,
				D6E214282E4D4D10004A49AC /* Frameworks */,
				D6E214292E4D4D10004A49AC /* Resources */,
			);
			buildRules = (
			);
			dependencies = (
				D6E2142D2E4D4D10004A49AC /* PBXTargetDependency */,
			);
			fileSystemSynchronizedGroups = (
				D6E2142E2E4D4D10004A49AC /* TEA iOS Technical TaskTests */,
			);
			name = "TEA iOS Technical TaskTests";
			packageProductDependencies = (
			);
			productName = "TEA iOS Technical TaskTests";
			productReference = D6E2142B2E4D4D10004A49AC /* TEA iOS Technical TaskTests.xctest */;
			productType = "com.apple.product-type.bundle.unit-test";
		};
		D6E214342E4D4D10004A49AC /* TEA iOS Technical TaskUITests */ = {
			isa = PBXNativeTarget;
			buildConfigurationList = D6E214462E4D4D10004A49AC /* Build configuration list for PBXNativeTarget "TEA iOS Technical TaskUITests" */;
			buildPhases = (
				D6E214312E4D4D10004A49AC /* Sources */,
				D6E214322E4D4D10004A49AC /* Frameworks */,
				D6E214332E4D4D10004A49AC /* Resources */,
			);
			buildRules = (
			);
			dependencies = (
				D6E214372E4D4D10004A49AC /* PBXTargetDependency */,
			);
			fileSystemSynchronizedGroups = (
				D6E214382E4D4D10004A49AC /* TEA iOS Technical TaskUITests */,
			);
			name = "TEA iOS Technical TaskUITests";
			packageProductDependencies = (
			);
			productName = "TEA iOS Technical TaskUITests";
			productReference = D6E214352E4D4D10004A49AC /* TEA iOS Technical TaskUITests.xctest */;
			productType = "com.apple.product-type.bundle.ui-testing";
		};
/* End PBXNativeTarget section */

/* Begin PBXProject section */
		D6E2140A2E4D4D0D004A49AC /* Project object */ = {
			isa = PBXProject;
			attributes = {
				BuildIndependentTargetsInParallel = 1;
				LastSwiftUpdateCheck = 1620;
				LastUpgradeCheck = 1620;
				TargetAttributes = {
					D6E214112E4D4D0D004A49AC = {
						CreatedOnToolsVersion = 16.2;
					};
					D6E2142A2E4D4D10004A49AC = {
						CreatedOnToolsVersion = 16.2;
						TestTargetID = D6E214112E4D4D0D004A49AC;
					};
					D6E214342E4D4D10004A49AC = {
						CreatedOnToolsVersion = 16.2;
						TestTargetID = D6E214112E4D4D0D004A49AC;
					};
				};
			};
			buildConfigurationList = D6E2140D2E4D4D0D004A49AC /* Build configuration list for PBXProject "TEA iOS Technical Task" */;
			developmentRegion = en;
			hasScannedForEncodings = 0;
			knownRegions = (
				en,
				Base,
			);
			mainGroup = D6E214092E4D4D0D004A49AC;
			minimizedProjectReferenceProxies = 1;
			preferredProjectObjectVersion = 77;
			productRefGroup = D6E214132E4D4D0D004A49AC /* Products */;
			projectDirPath = "";
			projectRoot = "";
			targets = (
				D6E214112E4D4D0D004A49AC /* TEA iOS Technical Task */,
				D6E2142A2E4D4D10004A49AC /* TEA iOS Technical TaskTests */,
				D6E214342E4D4D10004A49AC /* TEA iOS Technical TaskUITests */,
			);
		};
/* End PBXProject section */

/* Begin PBXResourcesBuildPhase section */
		D6E214102E4D4D0D004A49AC /* Resources */ = {
			isa = PBXResourcesBuildPhase;
			buildActionMask = 2147483647;
			files = (
			);
			runOnlyForDeploymentPostprocessing = 0;
		};
		D6E214292E4D4D10004A49AC /* Resources */ = {
			isa = PBXResourcesBuildPhase;
			buildActionMask = 2147483647;
			files = (
			);
			runOnlyForDeploymentPostprocessing = 0;
		};
		D6E214332E4D4D10004A49AC /* Resources */ = {
			isa = PBXResourcesBuildPhase;
			buildActionMask = 2147483647;
			files = (
			);
			runOnlyForDeploymentPostprocessing = 0;
		};
/* End PBXResourcesBuildPhase section */

/* Begin PBXSourcesBuildPhase section */
		D6E2140E2E4D4D0D004A49AC /* Sources */ = {
			isa = PBXSourcesBuildPhase;
			buildActionMask = 2147483647;
			files = (
			);
			runOnlyForDeploymentPostprocessing = 0;
		};
		D6E214272E4D4D10004A49AC /* Sources */ = {
			isa = PBXSourcesBuildPhase;
			buildActionMask = 2147483647;
			files = (
			);
			runOnlyForDeploymentPostprocessing = 0;
		};
		D6E214312E4D4D10004A49AC /* Sources */ = {
			isa = PBXSourcesBuildPhase;
			buildActionMask = 2147483647;
			files = (
			);
			runOnlyForDeploymentPostprocessing = 0;
		};
/* End PBXSourcesBuildPhase section */

/* Begin PBXTargetDependency section */
		D6E2142D2E4D4D10004A49AC /* PBXTargetDependency */ = {
			isa = PBXTargetDependency;
			target = D6E214112E4D4D0D004A49AC /* TEA iOS Technical Task */;
			targetProxy = D6E2142C2E4D4D10004A49AC /* PBXContainerItemProxy */;
		};
		D6E214372E4D4D10004A49AC /* PBXTargetDependency */ = {
			isa = PBXTargetDependency;
			target = D6E214112E4D4D0D004A49AC /* TEA iOS Technical Task */;
			targetProxy = D6E214362E4D4D10004A49AC /* PBXContainerItemProxy */;
		};
/* End PBXTargetDependency section */

/* Begin XCBuildConfiguration section */
		D6E2143F2E4D4D10004A49AC /* Debug */ = {
			isa = XCBuildConfiguration;
			buildSettings = {
				ASSETCATALOG_COMPILER_APPICON_NAME = AppIcon;
				ASSETCATALOG_COMPILER_GLOBAL_ACCENT_COLOR_NAME = AccentColor;
				CODE_SIGN_STYLE = Automatic;
				CURRENT_PROJECT_VERSION = 1;
				DEVELOPMENT_TEAM = BGWT5349A7;
				GENERATE_INFOPLIST_FILE = YES;
				INFOPLIST_FILE = "TEA iOS Technical Task/Info.plist";
				INFOPLIST_KEY_UIApplicationSupportsIndirectInputEvents = YES;
				INFOPLIST_KEY_UILaunchStoryboardName = LaunchScreen;
				INFOPLIST_KEY_UIMainStoryboardFile = "";
				INFOPLIST_KEY_UISupportedInterfaceOrientations_iPad = "UIInterfaceOrientationPortrait UIInterfaceOrientationPortraitUpsideDown UIInterfaceOrientationLandscapeLeft UIInterfaceOrientationLandscapeRight";
				INFOPLIST_KEY_UISupportedInterfaceOrientations_iPhone = "UIInterfaceOrientationPortrait UIInterfaceOrientationLandscapeLeft UIInterfaceOrientationLandscapeRight";
				LD_RUNPATH_SEARCH_PATHS = (
					"$(inherited)",
					"@executable_path/Frameworks",
				);
				MARKETING_VERSION = 1.0;
				PRODUCT_BUNDLE_IDENTIFIER = "SwiftApp.TEA-iOS-Technical-Task";
				PRODUCT_NAME = "$(TARGET_NAME)";
				SWIFT_EMIT_LOC_STRINGS = YES;
				SWIFT_VERSION = 5.0;
				TARGETED_DEVICE_FAMILY = "1,2";
			};
			name = Debug;
		};
		D6E214402E4D4D10004A49AC /* Release */ = {
			isa = XCBuildConfiguration;
			buildSettings = {
				ASSETCATALOG_COMPILER_APPICON_NAME = AppIcon;
				ASSETCATALOG_COMPILER_GLOBAL_ACCENT_COLOR_NAME = AccentColor;
				CODE_SIGN_STYLE = Automatic;
				CURRENT_PROJECT_VERSION = 1;
				DEVELOPMENT_TEAM = BGWT5349A7;
				GENERATE_INFOPLIST_FILE = YES;
				INFOPLIST_FILE = "TEA iOS Technical Task/Info.plist";
				INFOPLIST_KEY_UIApplicationSupportsIndirectInputEvents = YES;
				INFOPLIST_KEY_UILaunchStoryboardName = LaunchScreen;
				INFOPLIST_KEY_UIMainStoryboardFile = "";
				INFOPLIST_KEY_UISupportedInterfaceOrientations_iPad = "UIInterfaceOrientationPortrait UIInterfaceOrientationPortraitUpsideDown UIInterfaceOrientationLandscapeLeft UIInterfaceOrientationLandscapeRight";
				INFOPLIST_KEY_UISupportedInterfaceOrientations_iPhone = "UIInterfaceOrientationPortrait UIInterfaceOrientationLandscapeLeft UIInterfaceOrientationLandscapeRight";
				LD_RUNPATH_SEARCH_PATHS = (
					"$(inherited)",
					"@executable_path/Frameworks",
				);
				MARKETING_VERSION = 1.0;
				PRODUCT_BUNDLE_IDENTIFIER = "SwiftApp.TEA-iOS-Technical-Task";
				PRODUCT_NAME = "$(TARGET_NAME)";
				SWIFT_EMIT_LOC_STRINGS = YES;
				SWIFT_VERSION = 5.0;
				TARGETED_DEVICE_FAMILY = "1,2";
			};
			name = Release;
		};
		D6E214412E4D4D10004A49AC /* Debug */ = {
			isa = XCBuildConfiguration;
			buildSettings = {
				ALWAYS_SEARCH_USER_PATHS = NO;
				ASSETCATALOG_COMPILER_GENERATE_SWIFT_ASSET_SYMBOL_EXTENSIONS = YES;
				CLANG_ANALYZER_NONNULL = YES;
				CLANG_ANALYZER_NUMBER_OBJECT_CONVERSION = YES_AGGRESSIVE;
				CLANG_CXX_LANGUAGE_STANDARD = "gnu++20";
				CLANG_ENABLE_MODULES = YES;
				CLANG_ENABLE_OBJC_ARC = YES;
				CLANG_ENABLE_OBJC_WEAK = YES;
				CLANG_WARN_BLOCK_CAPTURE_AUTORELEASING = YES;
				CLANG_WARN_BOOL_CONVERSION = YES;
				CLANG_WARN_COMMA = YES;
				CLANG_WARN_CONSTANT_CONVERSION = YES;
				CLANG_WARN_DEPRECATED_OBJC_IMPLEMENTATIONS = YES;
				CLANG_WARN_DIRECT_OBJC_ISA_USAGE = YES_ERROR;
				CLANG_WARN_DOCUMENTATION_COMMENTS = YES;
				CLANG_WARN_EMPTY_BODY = YES;
				CLANG_WARN_ENUM_CONVERSION = YES;
				CLANG_WARN_INFINITE_RECURSION = YES;
				CLANG_WARN_INT_CONVERSION = YES;
				CLANG_WARN_NON_LITERAL_NULL_CONVERSION = YES;
				CLANG_WARN_OBJC_IMPLICIT_RETAIN_SELF = YES;
				CLANG_WARN_OBJC_LITERAL_CONVERSION = YES;
				CLANG_WARN_OBJC_ROOT_CLASS = YES_ERROR;
				CLANG_WARN_QUOTED_INCLUDE_IN_FRAMEWORK_HEADER = YES;
				CLANG_WARN_RANGE_LOOP_ANALYSIS = YES;
				CLANG_WARN_STRICT_PROTOTYPES = YES;
				CLANG_WARN_SUSPICIOUS_MOVE = YES;
				CLANG_WARN_UNGUARDED_AVAILABILITY = YES_AGGRESSIVE;
				CLANG_WARN_UNREACHABLE_CODE = YES;
				CLANG_WARN__DUPLICATE_METHOD_MATCH = YES;
				COPY_PHASE_STRIP = NO;
				DEBUG_INFORMATION_FORMAT = dwarf;
				ENABLE_STRICT_OBJC_MSGSEND = YES;
				ENABLE_TESTABILITY = YES;
				ENABLE_USER_SCRIPT_SANDBOXING = YES;
				GCC_C_LANGUAGE_STANDARD = gnu17;
				GCC_DYNAMIC_NO_PIC = NO;
				GCC_NO_COMMON_BLOCKS = YES;
				GCC_OPTIMIZATION_LEVEL = 0;
				GCC_PREPROCESSOR_DEFINITIONS = (
					"DEBUG=1",
					"$(inherited)",
				);
				GCC_WARN_64_TO_32_BIT_CONVERSION = YES;
				GCC_WARN_ABOUT_RETURN_TYPE = YES_ERROR;
				GCC_WARN_UNDECLARED_SELECTOR = YES;
				GCC_WARN_UNINITIALIZED_AUTOS = YES_AGGRESSIVE;
				GCC_WARN_UNUSED_FUNCTION = YES;
				GCC_WARN_UNUSED_VARIABLE = YES;
				IPHONEOS_DEPLOYMENT_TARGET = 18.2;
				LOCALIZATION_PREFERS_STRING_CATALOGS = YES;
				MTL_ENABLE_DEBUG_INFO = INCLUDE_SOURCE;
				MTL_FAST_MATH = YES;
				ONLY_ACTIVE_ARCH = YES;
				SDKROOT = iphoneos;
				SWIFT_ACTIVE_COMPILATION_CONDITIONS = "DEBUG $(inherited)";
				SWIFT_OPTIMIZATION_LEVEL = "-Onone";
			};
			name = Debug;
		};
		D6E214422E4D4D10004A49AC /* Release */ = {
			isa = XCBuildConfiguration;
			buildSettings = {
				ALWAYS_SEARCH_USER_PATHS = NO;
				ASSETCATALOG_COMPILER_GENERATE_SWIFT_ASSET_SYMBOL_EXTENSIONS = YES;
				CLANG_ANALYZER_NONNULL = YES;
				CLANG_ANALYZER_NUMBER_OBJECT_CONVERSION = YES_AGGRESSIVE;
				CLANG_CXX_LANGUAGE_STANDARD = "gnu++20";
				CLANG_ENABLE_MODULES = YES;
				CLANG_ENABLE_OBJC_ARC = YES;
				CLANG_ENABLE_OBJC_WEAK = YES;
				CLANG_WARN_BLOCK_CAPTURE_AUTORELEASING = YES;
				CLANG_WARN_BOOL_CONVERSION = YES;
				CLANG_WARN_COMMA = YES;
				CLANG_WARN_CONSTANT_CONVERSION = YES;
				CLANG_WARN_DEPRECATED_OBJC_IMPLEMENTATIONS = YES;
				CLANG_WARN_DIRECT_OBJC_ISA_USAGE = YES_ERROR;
				CLANG_WARN_DOCUMENTATION_COMMENTS = YES;
				CLANG_WARN_EMPTY_BODY = YES;
				CLANG_WARN_ENUM_CONVERSION = YES;
				CLANG_WARN_INFINITE_RECURSION = YES;
				CLANG_WARN_INT_CONVERSION = YES;
				CLANG_WARN_NON_LITERAL_NULL_CONVERSION = YES;
				CLANG_WARN_OBJC_IMPLICIT_RETAIN_SELF = YES;
				CLANG_WARN_OBJC_LITERAL_CONVERSION = YES;
				CLANG_WARN_OBJC_ROOT_CLASS = YES_ERROR;
				CLANG_WARN_QUOTED_INCLUDE_IN_FRAMEWORK_HEADER = YES;
				CLANG_WARN_RANGE_LOOP_ANALYSIS = YES;
				CLANG_WARN_STRICT_PROTOTYPES = YES;
				CLANG_WARN_SUSPICIOUS_MOVE = YES;
				CLANG_WARN_UNGUARDED_AVAILABILITY = YES_AGGRESSIVE;
				CLANG_WARN_UNREACHABLE_CODE = YES;
				CLANG_WARN__DUPLICATE_METHOD_MATCH = YES;
				COPY_PHASE_STRIP = NO;
				DEBUG_INFORMATION_FORMAT = "dwarf-with-dsym";
				ENABLE_NS_ASSERTIONS = NO;
				ENABLE_STRICT_OBJC_MSGSEND = YES;
				ENABLE_USER_SCRIPT_SANDBOXING = YES;
				GCC_C_LANGUAGE_STANDARD = gnu17;
				GCC_NO_COMMON_BLOCKS = YES;
				GCC_WARN_64_TO_32_BIT_CONVERSION = YES;
				GCC_WARN_ABOUT_RETURN_TYPE = YES_ERROR;
				GCC_WARN_UNDECLARED_SELECTOR = YES;
				GCC_WARN_UNINITIALIZED_AUTOS = YES_AGGRESSIVE;
				GCC_WARN_UNUSED_FUNCTION = YES;
				GCC_WARN_UNUSED_VARIABLE = YES;
				IPHONEOS_DEPLOYMENT_TARGET = 18.2;
				LOCALIZATION_PREFERS_STRING_CATALOGS = YES;
				MTL_ENABLE_DEBUG_INFO = NO;
				MTL_FAST_MATH = YES;
				SDKROOT = iphoneos;
				SWIFT_COMPILATION_MODE = wholemodule;
				VALIDATE_PRODUCT = YES;
			};
			name = Release;
		};
		D6E214442E4D4D10004A49AC /* Debug */ = {
			isa = XCBuildConfiguration;
			buildSettings = {
				BUNDLE_LOADER = "$(TEST_HOST)";
				CODE_SIGN_STYLE = Automatic;
				CURRENT_PROJECT_VERSION = 1;
				DEVELOPMENT_TEAM = BGWT5349A7;
				GENERATE_INFOPLIST_FILE = YES;
				IPHONEOS_DEPLOYMENT_TARGET = 18.2;
				MARKETING_VERSION = 1.0;
				PRODUCT_BUNDLE_IDENTIFIER = "SwiftApp.TEA-iOS-Technical-TaskTests";
				PRODUCT_NAME = "$(TARGET_NAME)";
				SWIFT_EMIT_LOC_STRINGS = NO;
				SWIFT_VERSION = 5.0;
				TARGETED_DEVICE_FAMILY = "1,2";
				TEST_HOST = "$(BUILT_PRODUCTS_DIR)/TEA iOS Technical Task.app/$(BUNDLE_EXECUTABLE_FOLDER_PATH)/TEA iOS Technical Task";
			};
			name = Debug;
		};
		D6E214452E4D4D10004A49AC /* Release */ = {
			isa = XCBuildConfiguration;
			buildSettings = {
				BUNDLE_LOADER = "$(TEST_HOST)";
				CODE_SIGN_STYLE = Automatic;
				CURRENT_PROJECT_VERSION = 1;
				DEVELOPMENT_TEAM = BGWT5349A7;
				GENERATE_INFOPLIST_FILE = YES;
				IPHONEOS_DEPLOYMENT_TARGET = 18.2;
				MARKETING_VERSION = 1.0;
				PRODUCT_BUNDLE_IDENTIFIER = "SwiftApp.TEA-iOS-Technical-TaskTests";
				PRODUCT_NAME = "$(TARGET_NAME)";
				SWIFT_EMIT_LOC_STRINGS = NO;
				SWIFT_VERSION = 5.0;
				TARGETED_DEVICE_FAMILY = "1,2";
				TEST_HOST = "$(BUILT_PRODUCTS_DIR)/TEA iOS Technical Task.app/$(BUNDLE_EXECUTABLE_FOLDER_PATH)/TEA iOS Technical Task";
			};
			name = Release;
		};
		D6E214472E4D4D10004A49AC /* Debug */ = {
			isa = XCBuildConfiguration;
			buildSettings = {
				CODE_SIGN_STYLE = Automatic;
				CURRENT_PROJECT_VERSION = 1;
				DEVELOPMENT_TEAM = BGWT5349A7;
				GENERATE_INFOPLIST_FILE = YES;
				MARKETING_VERSION = 1.0;
				PRODUCT_BUNDLE_IDENTIFIER = "SwiftApp.TEA-iOS-Technical-TaskUITests";
				PRODUCT_NAME = "$(TARGET_NAME)";
				SWIFT_EMIT_LOC_STRINGS = NO;
				SWIFT_VERSION = 5.0;
				TARGETED_DEVICE_FAMILY = "1,2";
				TEST_TARGET_NAME = "TEA iOS Technical Task";
			};
			name = Debug;
		};
		D6E214482E4D4D10004A49AC /* Release */ = {
			isa = XCBuildConfiguration;
			buildSettings = {
				CODE_SIGN_STYLE = Automatic;
				CURRENT_PROJECT_VERSION = 1;
				DEVELOPMENT_TEAM = BGWT5349A7;
				GENERATE_INFOPLIST_FILE = YES;
				MARKETING_VERSION = 1.0;
				PRODUCT_BUNDLE_IDENTIFIER = "SwiftApp.TEA-iOS-Technical-TaskUITests";
				PRODUCT_NAME = "$(TARGET_NAME)";
				SWIFT_EMIT_LOC_STRINGS = NO;
				SWIFT_VERSION = 5.0;
				TARGETED_DEVICE_FAMILY = "1,2";
				TEST_TARGET_NAME = "TEA iOS Technical Task";
			};
			name = Release;
		};
/* End XCBuildConfiguration section */

/* Begin XCConfigurationList section */
		D6E2140D2E4D4D0D004A49AC /* Build configuration list for PBXProject "TEA iOS Technical Task" */ = {
			isa = XCConfigurationList;
			buildConfigurations = (
				D6E214412E4D4D10004A49AC /* Debug */,
				D6E214422E4D4D10004A49AC /* Release */,
			);
			defaultConfigurationIsVisible = 0;
			defaultConfigurationName = Release;
		};
		D6E2143E2E4D4D10004A49AC /* Build configuration list for PBXNativeTarget "TEA iOS Technical Task" */ = {
			isa = XCConfigurationList;
			buildConfigurations = (
				D6E2143F2E4D4D10004A49AC /* Debug */,
				D6E214402E4D4D10004A49AC /* Release */,
			);
			defaultConfigurationIsVisible = 0;
			defaultConfigurationName = Release;
		};
		D6E214432E4D4D10004A49AC /* Build configuration list for PBXNativeTarget "TEA iOS Technical TaskTests" */ = {
			isa = XCConfigurationList;
			buildConfigurations = (
				D6E214442E4D4D10004A49AC /* Debug */,
				D6E214452E4D4D10004A49AC /* Release */,
			);
			defaultConfigurationIsVisible = 0;
			defaultConfigurationName = Release;
		};
		D6E214462E4D4D10004A49AC /* Build configuration list for PBXNativeTarget "TEA iOS Technical TaskUITests" */ = {
			isa = XCConfigurationList;
			buildConfigurations = (
				D6E214472E4D4D10004A49AC /* Debug */,
				D6E214482E4D4D10004A49AC /* Release */,
			);
			defaultConfigurationIsVisible = 0;
			defaultConfigurationName = Release;
		};
/* End XCConfigurationList section */
	};
	rootObject = D6E2140A2E4D4D0D004A49AC /* Project object */;
}
